
Microsoft Visual Studio Solution File, Format Version 12.00
# Visual Studio Version 17
VisualStudioVersion = 17.0.31903.59
MinimumVisualStudioVersion = 10.0.40219.1
Project("{FAE04EC0-301F-11D3-BF4B-00C04F79EFBC}") = "PrimeService", "PrimeService\PrimeService.csproj", "{814EC893-12C0-43F7-BC44-BE805EC76132}"
EndProject
Project("{FAE04EC0-301F-11D3-BF4B-00C04F79EFBC}") = "PrimeService.Tests", "PrimeService.Tests\PrimeService.Tests.csproj", "{C99213B0-C878-4137-A63C-51897E9BABC1}"
EndProject
Global
	GlobalSection(SolutionConfigurationPlatforms) = preSolution
		Debug|Any CPU = Debug|Any CPU
		Release|Any CPU = Release|Any CPU
	EndGlobalSection
	GlobalSection(SolutionProperties) = preSolution
		HideSolutionNode = FALSE
	EndGlobalSection
	GlobalSection(ProjectConfigurationPlatforms) = postSolution
		{814EC893-12C0-43F7-BC44-BE805EC76132}.Debug|Any CPU.ActiveCfg = Debug|Any CPU
		{814EC893-12C0-43F7-BC44-BE805EC76132}.Debug|Any CPU.Build.0 = Debug|Any CPU
		{814EC893-12C0-43F7-BC44-BE805EC76132}.Release|Any CPU.ActiveCfg = Release|Any CPU
		{814EC893-12C0-43F7-BC44-BE805EC76132}.Release|Any CPU.Build.0 = Release|Any CPU
		{C99213B0-C878-4137-A63C-51897E9BABC1}.Debug|Any CPU.ActiveCfg = Debug|Any CPU
		{C99213B0-C878-4137-A63C-51897E9BABC1}.Debug|Any CPU.Build.0 = Debug|Any CPU
		{C99213B0-C878-4137-A63C-51897E9BABC1}.Release|Any CPU.ActiveCfg = Release|Any CPU
		{C99213B0-C878-4137-A63C-51897E9BABC1}.Release|Any CPU.Build.0 = Release|Any CPU
	EndGlobalSection
EndGlobal
